<?xml version="1.0" encoding="utf-8"?>
<Project ToolsVersion="4.0" xmlns="http://schemas.microsoft.com/developer/msbuild/2003">
  <ItemGroup>
    <Filter Include="소스 파일">
      <UniqueIdentifier>{4FC737F1-C7A5-4376-A066-2A32D752A2FF}</UniqueIdentifier>
      <Extensions>cpp;c;cc;cxx;c++;cppm;ixx;def;odl;idl;hpj;bat;asm;asmx</Extensions>
    </Filter>
    <Filter Include="헤더 파일">
      <UniqueIdentifier>{93995380-89BD-4b04-88EB-625FBE52EBFB}</UniqueIdentifier>
      <Extensions>h;hh;hpp;hxx;h++;hm;inl;inc;ipp;xsd</Extensions>
    </Filter>
    <Filter Include="리소스 파일">
      <UniqueIdentifier>{67DA6AB6-F800-4c08-8B7A-83BB121AAD01}</UniqueIdentifier>
      <Extensions>rc;ico;cur;bmp;dlg;rc2;rct;bin;rgs;gif;jpg;jpeg;jpe;resx;tiff;tif;png;wav;mfcribbon-ms</Extensions>
    </Filter>
    <Filter Include="소스 파일\flash">
      <UniqueIdentifier>{a0350b39-25b7-4a3e-a8a4-e72149c58b03}</UniqueIdentifier>
    </Filter>
    <Filter Include="헤더 파일\flash">
      <UniqueIdentifier>{4e377b14-a889-4866-9562-b193820c3b39}</UniqueIdentifier>
    </Filter>
    <Filter Include="소스 파일\util">
      <UniqueIdentifier>{9da2e765-7829-489c-b8fa-a05c97c3f628}</UniqueIdentifier>
    </Filter>
    <Filter Include="헤더 파일\util">
      <UniqueIdentifier>{ed29814c-8d45-47a8-913d-60ddac50a38e}</UniqueIdentifier>
    </Filter>
  </ItemGroup>
  <ItemGroup>
    <ClCompile Include="GCSimulator.cpp">
      <Filter>소스 파일</Filter>
    </ClCompile>
    <ClCompile Include="Block.cpp">
      <Filter>소스 파일\flash</Filter>
    </ClCompile>
    <ClCompile Include="Storage.cpp">
      <Filter>소스 파일\flash</Filter>
    </ClCompile>
    <ClCompile Include="Page.cpp">
      <Filter>소스 파일\flash</Filter>
    </ClCompile>
    <ClCompile Include="Reader.cpp">
      <Filter>소스 파일\util</Filter>
    </ClCompile>
    <ClCompile Include="Random.cpp">
      <Filter>소스 파일\util</Filter>
    </ClCompile>
    <ClCompile Include="Write.cpp">
      <Filter>소스 파일\util</Filter>
    </ClCompile>
  </ItemGroup>
  <ItemGroup>
    <ClInclude Include="Block.h">
      <Filter>헤더 파일\flash</Filter>
    </ClInclude>
    <ClInclude Include="Global.h">
      <Filter>헤더 파일\flash</Filter>
    </ClInclude>
    <ClInclude Include="Storage.h">
      <Filter>헤더 파일\flash</Filter>
    </ClInclude>
    <ClInclude Include="Page.h">
      <Filter>헤더 파일\flash</Filter>
    </ClInclude>
    <ClInclude Include="Reader.h">
      <Filter>헤더 파일\util</Filter>
    </ClInclude>
    <ClInclude Include="Random.h">
      <Filter>헤더 파일\util</Filter>
    </ClInclude>
    <ClInclude Include="Write.h">
      <Filter>헤더 파일\util</Filter>
    </ClInclude>
  </ItemGroup>
</Project>